// !$*UTF8*$!
{
	archiveVersion = 1;
	classes = {
	};
	objectVersion = 46;
	objects = {

/* Begin PBXBuildFile section */
		79D59048176318E200FBEE25 /* UIKit.framework in Frameworks */ = {isa = PBXBuildFile; fileRef = 79D59047176318E200FBEE25 /* UIKit.framework */; };
		79D5904A176318E200FBEE25 /* Foundation.framework in Frameworks */ = {isa = PBXBuildFile; fileRef = 79D59049176318E200FBEE25 /* Foundation.framework */; };
		79D5904C176318E200FBEE25 /* CoreGraphics.framework in Frameworks */ = {isa = PBXBuildFile; fileRef = 79D5904B176318E200FBEE25 /* CoreGraphics.framework */; };
		79D59052176318E200FBEE25 /* InfoPlist.strings in Resources */ = {isa = PBXBuildFile; fileRef = 79D59050176318E200FBEE25 /* InfoPlist.strings */; };
		79D59054176318E200FBEE25 /* main.m in Sources */ = {isa = PBXBuildFile; fileRef = 79D59053176318E200FBEE25 /* main.m */; };
		79D59058176318E200FBEE25 /* ZnAppDelegate.m in Sources */ = {isa = PBXBuildFile; fileRef = 79D59057176318E200FBEE25 /* ZnAppDelegate.m */; };
		79D5905A176318E200FBEE25 /* Default.png in Resources */ = {isa = PBXBuildFile; fileRef = 79D59059176318E200FBEE25 /* Default.png */; };
		79D5905C176318E200FBEE25 /* Default@2x.png in Resources */ = {isa = PBXBuildFile; fileRef = 79D5905B176318E200FBEE25 /* Default@2x.png */; };
		79D5905E176318E200FBEE25 /* Default-568h@2x.png in Resources */ = {isa = PBXBuildFile; fileRef = 79D5905D176318E200FBEE25 /* Default-568h@2x.png */; };
		79D59061176318E200FBEE25 /* ZnViewController.m in Sources */ = {isa = PBXBuildFile; fileRef = 79D59060176318E200FBEE25 /* ZnViewController.m */; };
		79D59064176318E200FBEE25 /* ZnViewController.xib in Resources */ = {isa = PBXBuildFile; fileRef = 79D59062176318E200FBEE25 /* ZnViewController.xib */; };
/* End PBXBuildFile section */

/* Begin PBXFileReference section */
		79D59044176318E200FBEE25 /* ios1.app */ = {isa = PBXFileReference; explicitFileType = wrapper.application; includeInIndex = 0; path = ios1.app; sourceTree = BUILT_PRODUCTS_DIR; };
		79D59047176318E200FBEE25 /* UIKit.framework */ = {isa = PBXFileReference; lastKnownFileType = wrapper.framework; name = UIKit.framework; path = System/Library/Frameworks/UIKit.framework; sourceTree = SDKROOT; };
		79D59049176318E200FBEE25 /* Foundation.framework */ = {isa = PBXFileReference; lastKnownFileType = wrapper.framework; name = Foundation.framework; path = System/Library/Frameworks/Foundation.framework; sourceTree = SDKROOT; };
		79D5904B176318E200FBEE25 /* CoreGraphics.framework */ = {isa = PBXFileReference; lastKnownFileType = wrapper.framework; name = CoreGraphics.framework; path = System/Library/Frameworks/CoreGraphics.framework; sourceTree = SDKROOT; };
		79D5904F176318E200FBEE25 /* ios1-Info.plist */ = {isa = PBXFileReference; lastKnownFileType = text.plist.xml; path = "ios1-Info.plist"; sourceTree = "<group>"; };
		79D59051176318E200FBEE25 /* en */ = {isa = PBXFileReference; lastKnownFileType = text.plist.strings; name = en; path = en.lproj/InfoPlist.strings; sourceTree = "<group>"; };
		79D59053176318E200FBEE25 /* main.m */ = {isa = PBXFileReference; lastKnownFileType = sourcecode.c.objc; path = main.m; sourceTree = "<group>"; };
		79D59055176318E200FBEE25 /* ios1-Prefix.pch */ = {isa = PBXFileReference; lastKnownFileType = sourcecode.c.h; path = "ios1-Prefix.pch"; sourceTree = "<group>"; };
		79D59056176318E200FBEE25 /* ZnAppDelegate.h */ = {isa = PBXFileReference; lastKnownFileType = sourcecode.c.h; path = ZnAppDelegate.h; sourceTree = "<group>"; };
		79D59057176318E200FBEE25 /* ZnAppDelegate.m */ = {isa = PBXFileReference; lastKnownFileType = sourcecode.c.objc; path = ZnAppDelegate.m; sourceTree = "<group>"; };
		79D59059176318E200FBEE25 /* Default.png */ = {isa = PBXFileReference; lastKnownFileType = image.png; path = Default.png; sourceTree = "<group>"; };
		79D5905B176318E200FBEE25 /* Default@2x.png */ = {isa = PBXFileReference; lastKnownFileType = image.png; path = "Default@2x.png"; sourceTree = "<group>"; };
		79D5905D176318E200FBEE25 /* Default-568h@2x.png */ = {isa = PBXFileReference; lastKnownFileType = image.png; path = "Default-568h@2x.png"; sourceTree = "<group>"; };
		79D5905F176318E200FBEE25 /* ZnViewController.h */ = {isa = PBXFileReference; lastKnownFileType = sourcecode.c.h; path = ZnViewController.h; sourceTree = "<group>"; };
		79D59060176318E200FBEE25 /* ZnViewController.m */ = {isa = PBXFileReference; lastKnownFileType = sourcecode.c.objc; path = ZnViewController.m; sourceTree = "<group>"; };
		79D59063176318E200FBEE25 /* en */ = {isa = PBXFileReference; lastKnownFileType = file.xib; name = en; path = en.lproj/ZnViewController.xib; sourceTree = "<group>"; };
/* End PBXFileReference section */

/* Begin PBXFrameworksBuildPhase section */
		79D59041176318E200FBEE25 /* Frameworks */ = {
			isa = PBXFrameworksBuildPhase;
			buildActionMask = 2147483647;
			files = (
				79D59048176318E200FBEE25 /* UIKit.framework in Frameworks */,
				79D5904A176318E200FBEE25 /* Foundation.framework in Frameworks */,
				79D5904C176318E200FBEE25 /* CoreGraphics.framework in Frameworks */,
			);
			runOnlyForDeploymentPostprocessing = 0;
		};
/* End PBXFrameworksBuildPhase section */

/* Begin PBXGroup section */
		79D5903B176318E200FBEE25 = {
			isa = PBXGroup;
			children = (
				79D5904D176318E200FBEE25 /* ios1 */,
				79D59046176318E200FBEE25 /* Frameworks */,
				79D59045176318E200FBEE25 /* Products */,
			);
			sourceTree = "<group>";
		};
		79D59045176318E200FBEE25 /* Products */ = {
			isa = PBXGroup;
			children = (
				79D59044176318E200FBEE25 /* ios1.app */,
			);
			name = Products;
			sourceTree = "<group>";
		};
		79D59046176318E200FBEE25 /* Frameworks */ = {
			isa = PBXGroup;
			children = (
				79D59047176318E200FBEE25 /* UIKit.framework */,
				79D59049176318E200FBEE25 /* Foundation.framework */,
				79D5904B176318E200FBEE25 /* CoreGraphics.framework */,
			);
			name = Frameworks;
			sourceTree = "<group>";
		};
		79D5904D176318E200FBEE25 /* ios1 */ = {
			isa = PBXGroup;
			children = (
				79D59056176318E200FBEE25 /* ZnAppDelegate.h */,
				79D59057176318E200FBEE25 /* ZnAppDelegate.m */,
				79D5905F176318E200FBEE25 /* ZnViewController.h */,
				79D59060176318E200FBEE25 /* ZnViewController.m */,
				79D59062176318E200FBEE25 /* ZnViewController.xib */,
				79D5904E176318E200FBEE25 /* Supporting Files */,
			);
			path = ios1;
			sourceTree = "<group>";
		};
		79D5904E176318E200FBEE25 /* Supporting Files */ = {
			isa = PBXGroup;
			children = (
				79D5904F176318E200FBEE25 /* ios1-Info.plist */,
				79D59050176318E200FBEE25 /* InfoPlist.strings */,
				79D59053176318E200FBEE25 /* main.m */,
				79D59055176318E200FBEE25 /* ios1-Prefix.pch */,
				79D59059176318E200FBEE25 /* Default.png */,
				79D5905B176318E200FBEE25 /* Default@2x.png */,
				79D5905D176318E200FBEE25 /* Default-568h@2x.png */,
			);
			name = "Supporting Files";
			sourceTree = "<group>";
		};
/* End PBXGroup section */

/* Begin PBXNativeTarget section */
		79D59043176318E200FBEE25 /* ios1 */ = {
			isa = PBXNativeTarget;
			buildConfigurationList = 79D59067176318E200FBEE25 /* Build configuration list for PBXNativeTarget "ios1" */;
			buildPhases = (
				79D59040176318E200FBEE25 /* Sources */,
				79D59041176318E200FBEE25 /* Frameworks */,
				79D59042176318E200FBEE25 /* Resources */,
			);
			buildRules = (
			);
			dependencies = (
			);
			name = ios1;
			productName = ios1;
			productReference = 79D59044176318E200FBEE25 /* ios1.app */;
			productType = "com.apple.product-type.application";
		};
/* End PBXNativeTarget section */

/* Begin PBXProject section */
		79D5903C176318E200FBEE25 /* Project object */ = {
			isa = PBXProject;
			attributes = {
				CLASSPREFIX = Zn;
				LastUpgradeCheck = 0460;
				ORGANIZATIONNAME = zhoutao;
			};
			buildConfigurationList = 79D5903F176318E200FBEE25 /* Build configuration list for PBXProject "ios1" */;
			compatibilityVersion = "Xcode 3.2";
			developmentRegion = English;
			hasScannedForEncodings = 0;
			knownRegions = (
				en,
			);
			mainGroup = 79D5903B176318E200FBEE25;
			productRefGroup = 79D59045176318E200FBEE25 /* Products */;
			projectDirPath = "";
			projectRoot = "";
			targets = (
				79D59043176318E200FBEE25 /* ios1 */,
			);
		};
/* End PBXProject section */

/* Begin PBXResourcesBuildPhase section */
		79D59042176318E200FBEE25 /* Resources */ = {
			isa = PBXResourcesBuildPhase;
			buildActionMask = 2147483647;
			files = (
				79D59052176318E200FBEE25 /* InfoPlist.strings in Resources */,
				79D5905A176318E200FBEE25 /* Default.png in Resources */,
				79D5905C176318E200FBEE25 /* Default@2x.png in Resources */,
				79D5905E176318E200FBEE25 /* Default-568h@2x.png in Resources */,
				79D59064176318E200FBEE25 /* ZnViewController.xib in Resources */,
			);
			runOnlyForDeploymentPostprocessing = 0;
		};
/* End PBXResourcesBuildPhase section */

/* Begin PBXSourcesBuildPhase section */
		79D59040176318E200FBEE25 /* Sources */ = {
			isa = PBXSourcesBuildPhase;
			buildActionMask = 2147483647;
			files = (
				79D59054176318E200FBEE25 /* main.m in Sources */,
				79D59058176318E200FBEE25 /* ZnAppDelegate.m in Sources */,
				79D59061176318E200FBEE25 /* ZnViewController.m in Sources */,
			);
			runOnlyForDeploymentPostprocessing = 0;
		};
/* End PBXSourcesBuildPhase section */

/* Begin PBXVariantGroup section */
		79D59050176318E200FBEE25 /* InfoPlist.strings */ = {
			isa = PBXVariantGroup;
			children = (
				79D59051176318E200FBEE25 /* en */,
			);
			name = InfoPlist.strings;
			sourceTree = "<group>";
		};
		79D59062176318E200FBEE25 /* ZnViewController.xib */ = {
			isa = PBXVariantGroup;
			children = (
				79D59063176318E200FBEE25 /* en */,
			);
			name = ZnViewController.xib;
			sourceTree = "<group>";
		};
/* End PBXVariantGroup section */

/* Begin XCBuildConfiguration section */
		79D59065176318E200FBEE25 /* Debug */ = {
			isa = XCBuildConfiguration;
			buildSettings = {
				ALWAYS_SEARCH_USER_PATHS = NO;
				CLANG_CXX_LANGUAGE_STANDARD = "gnu++0x";
				CLANG_CXX_LIBRARY = "libc++";
				CLANG_WARN_CONSTANT_CONVERSION = YES;
				CLANG_WARN_EMPTY_BODY = YES;
				CLANG_WARN_ENUM_CONVERSION = YES;
				CLANG_WARN_INT_CONVERSION = YES;
				CLANG_WARN__DUPLICATE_METHOD_MATCH = YES;
				"CODE_SIGN_IDENTITY[sdk=iphoneos*]" = "iPhone Developer";
				COPY_PHASE_STRIP = NO;
				GCC_C_LANGUAGE_STANDARD = gnu99;
				GCC_DYNAMIC_NO_PIC = NO;
				GCC_OPTIMIZATION_LEVEL = 0;
				GCC_PREPROCESSOR_DEFINITIONS = (
					"DEBUG=1",
					"$(inherited)",
				);
				GCC_SYMBOLS_PRIVATE_EXTERN = NO;
				GCC_WARN_ABOUT_RETURN_TYPE = YES;
				GCC_WARN_UNINITIALIZED_AUTOS = YES;
				GCC_WARN_UNUSED_VARIABLE = YES;
				IPHONEOS_DEPLOYMENT_TARGET = 6.1;
				ONLY_ACTIVE_ARCH = YES;
				SDKROOT = iphoneos;
			};
			name = Debug;
		};
		79D59066176318E200FBEE25 /* Release */ = {
			isa = XCBuildConfiguration;
			buildSettings = {
				ALWAYS_SEARCH_USER_PATHS = NO;
				CLANG_CXX_LANGUAGE_STANDARD = "gnu++0x";
				CLANG_CXX_LIBRARY = "libc++";
				CLANG_WARN_CONSTANT_CONVERSION = YES;
				CLANG_WARN_EMPTY_BODY = YES;
				CLANG_WARN_ENUM_CONVERSION = YES;
				CLANG_WARN_INT_CONVERSION = YES;
				CLANG_WARN__DUPLICATE_METHOD_MATCH = YES;
				"CODE_SIGN_IDENTITY[sdk=iphoneos*]" = "iPhone Developer";
				COPY_PHASE_STRIP = YES;
				GCC_C_LANGUAGE_STANDARD = gnu99;
				GCC_WARN_ABOUT_RETURN_TYPE = YES;
				GCC_WARN_UNINITIALIZED_AUTOS = YES;
				GCC_WARN_UNUSED_VARIABLE = YES;
				IPHONEOS_DEPLOYMENT_TARGET = 6.1;
				OTHER_CFLAGS = "-DNS_BLOCK_ASSERTIONS=1";
				SDKROOT = iphoneos;
				VALIDATE_PRODUCT = YES;
			};
			name = Release;
		};
		79D59068176318E200FBEE25 /* Debug */ = {
			isa = XCBuildConfiguration;
			buildSettings = {
				GCC_PRECOMPILE_PREFIX_HEADER = YES;
				GCC_PREFIX_HEADER = "ios1/ios1-Prefix.pch";
				INFOPLIST_FILE = "ios1/ios1-Info.plist";
				PRODUCT_NAME = "$(TARGET_NAME)";
				WRAPPER_EXTENSION = app;
			};
			name = Debug;
		};
		79D59069176318E200FBEE25 /* Release */ = {
			isa = XCBuildConfiguration;
			buildSettings = {
				GCC_PRECOMPILE_PREFIX_HEADER = YES;
				GCC_PREFIX_HEADER = "ios1/ios1-Prefix.pch";
				INFOPLIST_FILE = "ios1/ios1-Info.plist";
				PRODUCT_NAME = "$(TARGET_NAME)";
				WRAPPER_EXTENSION = app;
			};
			name = Release;
		};
/* End XCBuildConfiguration section */

/* Begin XCConfigurationList section */
		79D5903F176318E200FBEE25 /* Build configuration list for PBXProject "ios1" */ = {
			isa = XCConfigurationList;
			buildConfigurations = (
				79D59065176318E200FBEE25 /* Debug */,
				79D59066176318E200FBEE25 /* Release */,
			);
			defaultConfigurationIsVisible = 0;
			defaultConfigurationName = Release;
		};
		79D59067176318E200FBEE25 /* Build configuration list for PBXNativeTarget "ios1" */ = {
			isa = XCConfigurationList;
			buildConfigurations = (
				79D59068176318E200FBEE25 /* Debug */,
				79D59069176318E200FBEE25 /* Release */,
			);
			defaultConfigurationIsVisible = 0;
		};
/* End XCConfigurationList section */
	};
	rootObject = 79D5903C176318E200FBEE25 /* Project object */;
}
